
Microsoft Visual Studio Solution File, Format Version 12.00
# Visual Studio Version 17
VisualStudioVersion = 17.11.35222.181
MinimumVisualStudioVersion = 10.0.40219.1
Project("{FAE04EC0-301F-11D3-BF4B-00C04F79EFBC}") = "BookManagement", "BookManagement\BookManagement.csproj", "{6C87F7E3-3873-4A75-8A6F-52CE697A87EA}"
EndProject
Global
	GlobalSection(SolutionConfigurationPlatforms) = preSolution
		Debug|Any CPU = Debug|Any CPU
		Release|Any CPU = Release|Any CPU
	EndGlobalSection
	GlobalSection(ProjectConfigurationPlatforms) = postSolution
		{6C87F7E3-3873-4A75-8A6F-52CE697A87EA}.Debug|Any CPU.ActiveCfg = Debug|Any CPU
		{6C87F7E3-3873-4A75-8A6F-52CE697A87EA}.Debug|Any CPU.Build.0 = Debug|Any CPU
		{6C87F7E3-3873-4A75-8A6F-52CE697A87EA}.Release|Any CPU.ActiveCfg = Release|Any CPU
		{6C87F7E3-3873-4A75-8A6F-52CE697A87EA}.Release|Any CPU.Build.0 = Release|Any CPU
	EndGlobalSection
	GlobalSection(SolutionProperties) = preSolution
		HideSolutionNode = FALSE
	EndGlobalSection
	GlobalSection(ExtensibilityGlobals) = postSolution
		SolutionGuid = {B8A0A9C4-F344-4E6C-B42B-93CA91F95D93}
	EndGlobalSection
EndGlobal
